
Microsoft Visual Studio Solution File, Format Version 12.00
# Visual Studio Version 17
VisualStudioVersion = 17.8.34316.72
MinimumVisualStudioVersion = 10.0.40219.1
Project("{F184B08F-C81C-45F6-A57F-5ABD9991F28F}") = "PYTHEGORAS", "PYTHEGORAS.vbproj", "{277C4AD7-DD3C-44C9-B822-56CD8D4AECA8}"
EndProject
Global
	GlobalSection(SolutionConfigurationPlatforms) = preSolution
		Debug|Any CPU = Debug|Any CPU
		Release|Any CPU = Release|Any CPU
	EndGlobalSection
	GlobalSection(ProjectConfigurationPlatforms) = postSolution
		{277C4AD7-DD3C-44C9-B822-56CD8D4AECA8}.Debug|Any CPU.ActiveCfg = Debug|Any CPU
		{277C4AD7-DD3C-44C9-B822-56CD8D4AECA8}.Debug|Any CPU.Build.0 = Debug|Any CPU
		{277C4AD7-DD3C-44C9-B822-56CD8D4AECA8}.Release|Any CPU.ActiveCfg = Release|Any CPU
		{277C4AD7-DD3C-44C9-B822-56CD8D4AECA8}.Release|Any CPU.Build.0 = Release|Any CPU
	EndGlobalSection
	GlobalSection(SolutionProperties) = preSolution
		HideSolutionNode = FALSE
	EndGlobalSection
	GlobalSection(ExtensibilityGlobals) = postSolution
		SolutionGuid = {DCE7B736-B3B6-4980-89CB-5D3979DF35D7}
	EndGlobalSection
EndGlobal
